
Microsoft Visual Studio Solution File, Format Version 12.00
# Visual Studio Version 17
VisualStudioVersion = 17.14.37111.16 d17.14
MinimumVisualStudioVersion = 10.0.40219.1
Project("{FAE04EC0-301F-11D3-BF4B-00C04F79EFBC}") = "MGI_Inventory_Management", "MGI_Inventory_Management\MGI_Inventory_Management.csproj", "{E711E597-AA39-4438-A926-261EC3513EBA}"
EndProject
Global
	GlobalSection(SolutionConfigurationPlatforms) = preSolution
		Debug|Any CPU = Debug|Any CPU
		Release|Any CPU = Release|Any CPU
	EndGlobalSection
	GlobalSection(ProjectConfigurationPlatforms) = postSolution
		{E711E597-AA39-4438-A926-261EC3513EBA}.Debug|Any CPU.ActiveCfg = Debug|Any CPU
		{E711E597-AA39-4438-A926-261EC3513EBA}.Debug|Any CPU.Build.0 = Debug|Any CPU
		{E711E597-AA39-4438-A926-261EC3513EBA}.Release|Any CPU.ActiveCfg = Release|Any CPU
		{E711E597-AA39-4438-A926-261EC3513EBA}.Release|Any CPU.Build.0 = Release|Any CPU
	EndGlobalSection
	GlobalSection(SolutionProperties) = preSolution
		HideSolutionNode = FALSE
	EndGlobalSection
	GlobalSection(ExtensibilityGlobals) = postSolution
		SolutionGuid = {4B8864D3-242B-4A71-B739-43724585BABF}
	EndGlobalSection
EndGlobal
